// !$*UTF8*$!
{
	archiveVersion = 1;
	classes = {
	};
	objectVersion = 56;
	objects = {

/* Begin PBXBuildFile section */
		B78E0B732A265305001938FA /* StudyScheduleApp.swift in Sources */ = {isa = PBXBuildFile; fileRef = B78E0B722A265305001938FA /* StudyScheduleApp.swift */; };
		B78E0B752A265305001938FA /* ContentView.swift in Sources */ = {isa = PBXBuildFile; fileRef = B78E0B742A265305001938FA /* ContentView.swift */; };
		B78E0B772A265306001938FA /* Assets.xcassets in Resources */ = {isa = PBXBuildFile; fileRef = B78E0B762A265306001938FA /* Assets.xcassets */; };
		B78E0B7A2A265306001938FA /* Preview Assets.xcassets in Resources */ = {isa = PBXBuildFile; fileRef = B78E0B792A265306001938FA /* Preview Assets.xcassets */; };
		B78E0B892A2653D0001938FA /* DayView.swift in Sources */ = {isa = PBXBuildFile; fileRef = B78E0B882A2653D0001938FA /* DayView.swift */; };
		B78E0B8E2A2722D2001938FA /* Color.swift in Sources */ = {isa = PBXBuildFile; fileRef = B78E0B8D2A2722D2001938FA /* Color.swift */; };
		B78E0B902A2726C4001938FA /* AboutPairView.swift in Sources */ = {isa = PBXBuildFile; fileRef = B78E0B8F2A2726C4001938FA /* AboutPairView.swift */; };
		B78E0B942A272A65001938FA /* PairView.swift in Sources */ = {isa = PBXBuildFile; fileRef = B78E0B932A272A65001938FA /* PairView.swift */; };
		B78E0B962A292954001938FA /* Int16.swift in Sources */ = {isa = PBXBuildFile; fileRef = B78E0B952A292954001938FA /* Int16.swift */; };
		B7D99F142A29E2BD0060923B /* EmptyPairView.swift in Sources */ = {isa = PBXBuildFile; fileRef = B7D99F132A29E2BD0060923B /* EmptyPairView.swift */; };
		B7D99F1A2A29ECD30060923B /* DataController.swift in Sources */ = {isa = PBXBuildFile; fileRef = B7D99F192A29ECD30060923B /* DataController.swift */; };
		B7E3D3EB2A2B993C004581A0 /* Schedule.xcdatamodeld in Sources */ = {isa = PBXBuildFile; fileRef = B7E3D3E92A2B993C004581A0 /* Schedule.xcdatamodeld */; };
		B7E3D4022A2C9883004581A0 /* Pair+CoreDataClass.swift in Sources */ = {isa = PBXBuildFile; fileRef = B7E3D3FE2A2C9883004581A0 /* Pair+CoreDataClass.swift */; };
		B7E3D4032A2C9883004581A0 /* Pair+CoreDataProperties.swift in Sources */ = {isa = PBXBuildFile; fileRef = B7E3D3FF2A2C9883004581A0 /* Pair+CoreDataProperties.swift */; };
		B7E3D4042A2C9883004581A0 /* Day+CoreDataClass.swift in Sources */ = {isa = PBXBuildFile; fileRef = B7E3D4002A2C9883004581A0 /* Day+CoreDataClass.swift */; };
		B7E3D4052A2C9883004581A0 /* Day+CoreDataProperties.swift in Sources */ = {isa = PBXBuildFile; fileRef = B7E3D4012A2C9883004581A0 /* Day+CoreDataProperties.swift */; };
		B7E3D4072A2C9F22004581A0 /* PersistenceController.swift in Sources */ = {isa = PBXBuildFile; fileRef = B7E3D4062A2C9F22004581A0 /* PersistenceController.swift */; };
		B7E3D4092A2CD941004581A0 /* EditingView.swift in Sources */ = {isa = PBXBuildFile; fileRef = B7E3D4082A2CD941004581A0 /* EditingView.swift */; };
		B7E3D4102A2CF287004581A0 /* Date.swift in Sources */ = {isa = PBXBuildFile; fileRef = B7E3D40F2A2CF287004581A0 /* Date.swift */; };
/* End PBXBuildFile section */

/* Begin PBXFileReference section */
		B78E0B6F2A265305001938FA /* StudySchedule.app */ = {isa = PBXFileReference; explicitFileType = wrapper.application; includeInIndex = 0; path = StudySchedule.app; sourceTree = BUILT_PRODUCTS_DIR; };
		B78E0B722A265305001938FA /* StudyScheduleApp.swift */ = {isa = PBXFileReference; lastKnownFileType = sourcecode.swift; path = StudyScheduleApp.swift; sourceTree = "<group>"; };
		B78E0B742A265305001938FA /* ContentView.swift */ = {isa = PBXFileReference; lastKnownFileType = sourcecode.swift; path = ContentView.swift; sourceTree = "<group>"; };
		B78E0B762A265306001938FA /* Assets.xcassets */ = {isa = PBXFileReference; lastKnownFileType = folder.assetcatalog; path = Assets.xcassets; sourceTree = "<group>"; };
		B78E0B792A265306001938FA /* Preview Assets.xcassets */ = {isa = PBXFileReference; lastKnownFileType = folder.assetcatalog; path = "Preview Assets.xcassets"; sourceTree = "<group>"; };
		B78E0B882A2653D0001938FA /* DayView.swift */ = {isa = PBXFileReference; lastKnownFileType = sourcecode.swift; path = DayView.swift; sourceTree = "<group>"; };
		B78E0B8D2A2722D2001938FA /* Color.swift */ = {isa = PBXFileReference; lastKnownFileType = sourcecode.swift; path = Color.swift; sourceTree = "<group>"; };
		B78E0B8F2A2726C4001938FA /* AboutPairView.swift */ = {isa = PBXFileReference; lastKnownFileType = sourcecode.swift; path = AboutPairView.swift; sourceTree = "<group>"; };
		B78E0B932A272A65001938FA /* PairView.swift */ = {isa = PBXFileReference; lastKnownFileType = sourcecode.swift; path = PairView.swift; sourceTree = "<group>"; };
		B78E0B952A292954001938FA /* Int16.swift */ = {isa = PBXFileReference; lastKnownFileType = sourcecode.swift; path = Int16.swift; sourceTree = "<group>"; };
		B7D99F132A29E2BD0060923B /* EmptyPairView.swift */ = {isa = PBXFileReference; lastKnownFileType = sourcecode.swift; path = EmptyPairView.swift; sourceTree = "<group>"; };
		B7D99F192A29ECD30060923B /* DataController.swift */ = {isa = PBXFileReference; lastKnownFileType = sourcecode.swift; path = DataController.swift; sourceTree = "<group>"; };
		B7E3D3EA2A2B993C004581A0 /* Schedule.xcdatamodel */ = {isa = PBXFileReference; lastKnownFileType = wrapper.xcdatamodel; path = Schedule.xcdatamodel; sourceTree = "<group>"; };
		B7E3D3FE2A2C9883004581A0 /* Pair+CoreDataClass.swift */ = {isa = PBXFileReference; lastKnownFileType = sourcecode.swift; path = "Pair+CoreDataClass.swift"; sourceTree = SOURCE_ROOT; };
		B7E3D3FF2A2C9883004581A0 /* Pair+CoreDataProperties.swift */ = {isa = PBXFileReference; lastKnownFileType = sourcecode.swift; path = "Pair+CoreDataProperties.swift"; sourceTree = SOURCE_ROOT; };
		B7E3D4002A2C9883004581A0 /* Day+CoreDataClass.swift */ = {isa = PBXFileReference; lastKnownFileType = sourcecode.swift; path = "Day+CoreDataClass.swift"; sourceTree = SOURCE_ROOT; };
		B7E3D4012A2C9883004581A0 /* Day+CoreDataProperties.swift */ = {isa = PBXFileReference; lastKnownFileType = sourcecode.swift; path = "Day+CoreDataProperties.swift"; sourceTree = SOURCE_ROOT; };
		B7E3D4062A2C9F22004581A0 /* PersistenceController.swift */ = {isa = PBXFileReference; lastKnownFileType = sourcecode.swift; path = PersistenceController.swift; sourceTree = "<group>"; };
		B7E3D4082A2CD941004581A0 /* EditingView.swift */ = {isa = PBXFileReference; lastKnownFileType = sourcecode.swift; path = EditingView.swift; sourceTree = "<group>"; };
		B7E3D40F2A2CF287004581A0 /* Date.swift */ = {isa = PBXFileReference; lastKnownFileType = sourcecode.swift; path = Date.swift; sourceTree = "<group>"; };
/* End PBXFileReference section */

/* Begin PBXFrameworksBuildPhase section */
		B78E0B6C2A265305001938FA /* Frameworks */ = {
			isa = PBXFrameworksBuildPhase;
			buildActionMask = 2147483647;
			files = (
			);
			runOnlyForDeploymentPostprocessing = 0;
		};
/* End PBXFrameworksBuildPhase section */

/* Begin PBXGroup section */
		B78E0B662A265305001938FA = {
			isa = PBXGroup;
			children = (
				B78E0B712A265305001938FA /* StudySchedule */,
				B78E0B702A265305001938FA /* Products */,
			);
			sourceTree = "<group>";
		};
		B78E0B702A265305001938FA /* Products */ = {
			isa = PBXGroup;
			children = (
				B78E0B6F2A265305001938FA /* StudySchedule.app */,
			);
			name = Products;
			sourceTree = "<group>";
		};
		B78E0B712A265305001938FA /* StudySchedule */ = {
			isa = PBXGroup;
			children = (
				B7D99F182A29ECBE0060923B /* CoreData */,
				B78E0B8C2A2722B3001938FA /* Extentions */,
				B78E0B852A26538F001938FA /* View */,
				B78E0B802A265317001938FA /* Model */,
				B78E0B722A265305001938FA /* StudyScheduleApp.swift */,
				B78E0B762A265306001938FA /* Assets.xcassets */,
				B78E0B782A265306001938FA /* Preview Content */,
			);
			path = StudySchedule;
			sourceTree = "<group>";
		};
		B78E0B782A265306001938FA /* Preview Content */ = {
			isa = PBXGroup;
			children = (
				B78E0B792A265306001938FA /* Preview Assets.xcassets */,
			);
			path = "Preview Content";
			sourceTree = "<group>";
		};
		B78E0B802A265317001938FA /* Model */ = {
			isa = PBXGroup;
			children = (
				B7E3D3FE2A2C9883004581A0 /* Pair+CoreDataClass.swift */,
				B7E3D3FF2A2C9883004581A0 /* Pair+CoreDataProperties.swift */,
				B7E3D4002A2C9883004581A0 /* Day+CoreDataClass.swift */,
				B7E3D4012A2C9883004581A0 /* Day+CoreDataProperties.swift */,
			);
			path = Model;
			sourceTree = "<group>";
		};
		B78E0B852A26538F001938FA /* View */ = {
			isa = PBXGroup;
			children = (
				B78E0B742A265305001938FA /* ContentView.swift */,
				B78E0B882A2653D0001938FA /* DayView.swift */,
				B78E0B8F2A2726C4001938FA /* AboutPairView.swift */,
				B78E0B932A272A65001938FA /* PairView.swift */,
				B7D99F132A29E2BD0060923B /* EmptyPairView.swift */,
				B7E3D4082A2CD941004581A0 /* EditingView.swift */,
			);
			path = View;
			sourceTree = "<group>";
		};
		B78E0B8C2A2722B3001938FA /* Extentions */ = {
			isa = PBXGroup;
			children = (
				B78E0B8D2A2722D2001938FA /* Color.swift */,
				B78E0B952A292954001938FA /* Int16.swift */,
				B7E3D40F2A2CF287004581A0 /* Date.swift */,
			);
			path = Extentions;
			sourceTree = "<group>";
		};
		B7D99F182A29ECBE0060923B /* CoreData */ = {
			isa = PBXGroup;
			children = (
				B7D99F192A29ECD30060923B /* DataController.swift */,
				B7E3D3E92A2B993C004581A0 /* Schedule.xcdatamodeld */,
				B7E3D4062A2C9F22004581A0 /* PersistenceController.swift */,
			);
			path = CoreData;
			sourceTree = "<group>";
		};
/* End PBXGroup section */

/* Begin PBXNativeTarget section */
		B78E0B6E2A265305001938FA /* StudySchedule */ = {
			isa = PBXNativeTarget;
			buildConfigurationList = B78E0B7D2A265306001938FA /* Build configuration list for PBXNativeTarget "StudySchedule" */;
			buildPhases = (
				B78E0B6B2A265305001938FA /* Sources */,
				B78E0B6C2A265305001938FA /* Frameworks */,
				B78E0B6D2A265305001938FA /* Resources */,
			);
			buildRules = (
			);
			dependencies = (
			);
			name = StudySchedule;
			productName = StudySchedule;
			productReference = B78E0B6F2A265305001938FA /* StudySchedule.app */;
			productType = "com.apple.product-type.application";
		};
/* End PBXNativeTarget section */

/* Begin PBXProject section */
		B78E0B672A265305001938FA /* Project object */ = {
			isa = PBXProject;
			attributes = {
				BuildIndependentTargetsInParallel = 1;
				LastSwiftUpdateCheck = 1430;
				LastUpgradeCheck = 1430;
				TargetAttributes = {
					B78E0B6E2A265305001938FA = {
						CreatedOnToolsVersion = 14.3;
					};
				};
			};
			buildConfigurationList = B78E0B6A2A265305001938FA /* Build configuration list for PBXProject "StudySchedule" */;
			compatibilityVersion = "Xcode 14.0";
			developmentRegion = en;
			hasScannedForEncodings = 0;
			knownRegions = (
				en,
				Base,
			);
			mainGroup = B78E0B662A265305001938FA;
			productRefGroup = B78E0B702A265305001938FA /* Products */;
			projectDirPath = "";
			projectRoot = "";
			targets = (
				B78E0B6E2A265305001938FA /* StudySchedule */,
			);
		};
/* End PBXProject section */

/* Begin PBXResourcesBuildPhase section */
		B78E0B6D2A265305001938FA /* Resources */ = {
			isa = PBXResourcesBuildPhase;
			buildActionMask = 2147483647;
			files = (
				B78E0B7A2A265306001938FA /* Preview Assets.xcassets in Resources */,
				B78E0B772A265306001938FA /* Assets.xcassets in Resources */,
			);
			runOnlyForDeploymentPostprocessing = 0;
		};
/* End PBXResourcesBuildPhase section */

/* Begin PBXSourcesBuildPhase section */
		B78E0B6B2A265305001938FA /* Sources */ = {
			isa = PBXSourcesBuildPhase;
			buildActionMask = 2147483647;
			files = (
				B78E0B942A272A65001938FA /* PairView.swift in Sources */,
				B78E0B902A2726C4001938FA /* AboutPairView.swift in Sources */,
				B78E0B752A265305001938FA /* ContentView.swift in Sources */,
				B78E0B892A2653D0001938FA /* DayView.swift in Sources */,
				B78E0B8E2A2722D2001938FA /* Color.swift in Sources */,
				B78E0B732A265305001938FA /* StudyScheduleApp.swift in Sources */,
				B78E0B962A292954001938FA /* Int16.swift in Sources */,
				B7E3D4102A2CF287004581A0 /* Date.swift in Sources */,
				B7E3D4052A2C9883004581A0 /* Day+CoreDataProperties.swift in Sources */,
				B7E3D3EB2A2B993C004581A0 /* Schedule.xcdatamodeld in Sources */,
				B7E3D4072A2C9F22004581A0 /* PersistenceController.swift in Sources */,
				B7D99F1A2A29ECD30060923B /* DataController.swift in Sources */,
				B7E3D4092A2CD941004581A0 /* EditingView.swift in Sources */,
				B7D99F142A29E2BD0060923B /* EmptyPairView.swift in Sources */,
				B7E3D4032A2C9883004581A0 /* Pair+CoreDataProperties.swift in Sources */,
				B7E3D4042A2C9883004581A0 /* Day+CoreDataClass.swift in Sources */,
				B7E3D4022A2C9883004581A0 /* Pair+CoreDataClass.swift in Sources */,
			);
			runOnlyForDeploymentPostprocessing = 0;
		};
/* End PBXSourcesBuildPhase section */

/* Begin XCBuildConfiguration section */
		B78E0B7B2A265306001938FA /* Debug */ = {
			isa = XCBuildConfiguration;
			buildSettings = {
				ALWAYS_SEARCH_USER_PATHS = NO;
				CLANG_ANALYZER_NONNULL = YES;
				CLANG_ANALYZER_NUMBER_OBJECT_CONVERSION = YES_AGGRESSIVE;
				CLANG_CXX_LANGUAGE_STANDARD = "gnu++20";
				CLANG_ENABLE_MODULES = YES;
				CLANG_ENABLE_OBJC_ARC = YES;
				CLANG_ENABLE_OBJC_WEAK = YES;
				CLANG_WARN_BLOCK_CAPTURE_AUTORELEASING = YES;
				CLANG_WARN_BOOL_CONVERSION = YES;
				CLANG_WARN_COMMA = YES;
				CLANG_WARN_CONSTANT_CONVERSION = YES;
				CLANG_WARN_DEPRECATED_OBJC_IMPLEMENTATIONS = YES;
				CLANG_WARN_DIRECT_OBJC_ISA_USAGE = YES_ERROR;
				CLANG_WARN_DOCUMENTATION_COMMENTS = YES;
				CLANG_WARN_EMPTY_BODY = YES;
				CLANG_WARN_ENUM_CONVERSION = YES;
				CLANG_WARN_INFINITE_RECURSION = YES;
				CLANG_WARN_INT_CONVERSION = YES;
				CLANG_WARN_NON_LITERAL_NULL_CONVERSION = YES;
				CLANG_WARN_OBJC_IMPLICIT_RETAIN_SELF = YES;
				CLANG_WARN_OBJC_LITERAL_CONVERSION = YES;
				CLANG_WARN_OBJC_ROOT_CLASS = YES_ERROR;
				CLANG_WARN_QUOTED_INCLUDE_IN_FRAMEWORK_HEADER = YES;
				CLANG_WARN_RANGE_LOOP_ANALYSIS = YES;
				CLANG_WARN_STRICT_PROTOTYPES = YES;
				CLANG_WARN_SUSPICIOUS_MOVE = YES;
				CLANG_WARN_UNGUARDED_AVAILABILITY = YES_AGGRESSIVE;
				CLANG_WARN_UNREACHABLE_CODE = YES;
				CLANG_WARN__DUPLICATE_METHOD_MATCH = YES;
				COPY_PHASE_STRIP = NO;
				DEBUG_INFORMATION_FORMAT = dwarf;
				ENABLE_STRICT_OBJC_MSGSEND = YES;
				ENABLE_TESTABILITY = YES;
				GCC_C_LANGUAGE_STANDARD = gnu11;
				GCC_DYNAMIC_NO_PIC = NO;
				GCC_NO_COMMON_BLOCKS = YES;
				GCC_OPTIMIZATION_LEVEL = 0;
				GCC_PREPROCESSOR_DEFINITIONS = (
					"DEBUG=1",
					"$(inherited)",
				);
				GCC_WARN_64_TO_32_BIT_CONVERSION = YES;
				GCC_WARN_ABOUT_RETURN_TYPE = YES_ERROR;
				GCC_WARN_UNDECLARED_SELECTOR = YES;
				GCC_WARN_UNINITIALIZED_AUTOS = YES_AGGRESSIVE;
				GCC_WARN_UNUSED_FUNCTION = YES;
				GCC_WARN_UNUSED_VARIABLE = YES;
				IPHONEOS_DEPLOYMENT_TARGET = 16.4;
				MTL_ENABLE_DEBUG_INFO = INCLUDE_SOURCE;
				MTL_FAST_MATH = YES;
				ONLY_ACTIVE_ARCH = YES;
				SDKROOT = iphoneos;
				SWIFT_ACTIVE_COMPILATION_CONDITIONS = DEBUG;
				SWIFT_OPTIMIZATION_LEVEL = "-Onone";
			};
			name = Debug;
		};
		B78E0B7C2A265306001938FA /* Release */ = {
			isa = XCBuildConfiguration;
			buildSettings = {
				ALWAYS_SEARCH_USER_PATHS = NO;
				CLANG_ANALYZER_NONNULL = YES;
				CLANG_ANALYZER_NUMBER_OBJECT_CONVERSION = YES_AGGRESSIVE;
				CLANG_CXX_LANGUAGE_STANDARD = "gnu++20";
				CLANG_ENABLE_MODULES = YES;
				CLANG_ENABLE_OBJC_ARC = YES;
				CLANG_ENABLE_OBJC_WEAK = YES;
				CLANG_WARN_BLOCK_CAPTURE_AUTORELEASING = YES;
				CLANG_WARN_BOOL_CONVERSION = YES;
				CLANG_WARN_COMMA = YES;
				CLANG_WARN_CONSTANT_CONVERSION = YES;
				CLANG_WARN_DEPRECATED_OBJC_IMPLEMENTATIONS = YES;
				CLANG_WARN_DIRECT_OBJC_ISA_USAGE = YES_ERROR;
				CLANG_WARN_DOCUMENTATION_COMMENTS = YES;
				CLANG_WARN_EMPTY_BODY = YES;
				CLANG_WARN_ENUM_CONVERSION = YES;
				CLANG_WARN_INFINITE_RECURSION = YES;
				CLANG_WARN_INT_CONVERSION = YES;
				CLANG_WARN_NON_LITERAL_NULL_CONVERSION = YES;
				CLANG_WARN_OBJC_IMPLICIT_RETAIN_SELF = YES;
				CLANG_WARN_OBJC_LITERAL_CONVERSION = YES;
				CLANG_WARN_OBJC_ROOT_CLASS = YES_ERROR;
				CLANG_WARN_QUOTED_INCLUDE_IN_FRAMEWORK_HEADER = YES;
				CLANG_WARN_RANGE_LOOP_ANALYSIS = YES;
				CLANG_WARN_STRICT_PROTOTYPES = YES;
				CLANG_WARN_SUSPICIOUS_MOVE = YES;
				CLANG_WARN_UNGUARDED_AVAILABILITY = YES_AGGRESSIVE;
				CLANG_WARN_UNREACHABLE_CODE = YES;
				CLANG_WARN__DUPLICATE_METHOD_MATCH = YES;
				COPY_PHASE_STRIP = NO;
				DEBUG_INFORMATION_FORMAT = "dwarf-with-dsym";
				ENABLE_NS_ASSERTIONS = NO;
				ENABLE_STRICT_OBJC_MSGSEND = YES;
				GCC_C_LANGUAGE_STANDARD = gnu11;
				GCC_NO_COMMON_BLOCKS = YES;
				GCC_WARN_64_TO_32_BIT_CONVERSION = YES;
				GCC_WARN_ABOUT_RETURN_TYPE = YES_ERROR;
				GCC_WARN_UNDECLARED_SELECTOR = YES;
				GCC_WARN_UNINITIALIZED_AUTOS = YES_AGGRESSIVE;
				GCC_WARN_UNUSED_FUNCTION = YES;
				GCC_WARN_UNUSED_VARIABLE = YES;
				IPHONEOS_DEPLOYMENT_TARGET = 16.4;
				MTL_ENABLE_DEBUG_INFO = NO;
				MTL_FAST_MATH = YES;
				SDKROOT = iphoneos;
				SWIFT_COMPILATION_MODE = wholemodule;
				SWIFT_OPTIMIZATION_LEVEL = "-O";
				VALIDATE_PRODUCT = YES;
			};
			name = Release;
		};
		B78E0B7E2A265306001938FA /* Debug */ = {
			isa = XCBuildConfiguration;
			buildSettings = {
				ASSETCATALOG_COMPILER_APPICON_NAME = AppIcon;
				ASSETCATALOG_COMPILER_GLOBAL_ACCENT_COLOR_NAME = AccentColor;
				CODE_SIGN_STYLE = Automatic;
				CURRENT_PROJECT_VERSION = 1;
				DEVELOPMENT_ASSET_PATHS = "\"StudySchedule/Preview Content\"";
				DEVELOPMENT_TEAM = P47CZ87RVS;
				ENABLE_PREVIEWS = YES;
				GENERATE_INFOPLIST_FILE = YES;
				INFOPLIST_KEY_UIApplicationSceneManifest_Generation = YES;
				INFOPLIST_KEY_UIApplicationSupportsIndirectInputEvents = YES;
				INFOPLIST_KEY_UILaunchScreen_Generation = YES;
				INFOPLIST_KEY_UISupportedInterfaceOrientations_iPad = "UIInterfaceOrientationPortrait UIInterfaceOrientationPortraitUpsideDown UIInterfaceOrientationLandscapeLeft UIInterfaceOrientationLandscapeRight";
				INFOPLIST_KEY_UISupportedInterfaceOrientations_iPhone = "UIInterfaceOrientationPortrait UIInterfaceOrientationLandscapeLeft UIInterfaceOrientationLandscapeRight";
				LD_RUNPATH_SEARCH_PATHS = (
					"$(inherited)",
					"@executable_path/Frameworks",
				);
				MARKETING_VERSION = 1.0;
				PRODUCT_BUNDLE_IDENTIFIER = Ubah.StudySchedule;
				PRODUCT_NAME = "$(TARGET_NAME)";
				SWIFT_EMIT_LOC_STRINGS = YES;
				SWIFT_VERSION = 5.0;
				TARGETED_DEVICE_FAMILY = "1,2";
			};
			name = Debug;
		};
		B78E0B7F2A265306001938FA /* Release */ = {
			isa = XCBuildConfiguration;
			buildSettings = {
				ASSETCATALOG_COMPILER_APPICON_NAME = AppIcon;
				ASSETCATALOG_COMPILER_GLOBAL_ACCENT_COLOR_NAME = AccentColor;
				CODE_SIGN_STYLE = Automatic;
				CURRENT_PROJECT_VERSION = 1;
				DEVELOPMENT_ASSET_PATHS = "\"StudySchedule/Preview Content\"";
				DEVELOPMENT_TEAM = P47CZ87RVS;
				ENABLE_PREVIEWS = YES;
				GENERATE_INFOPLIST_FILE = YES;
				INFOPLIST_KEY_UIApplicationSceneManifest_Generation = YES;
				INFOPLIST_KEY_UIApplicationSupportsIndirectInputEvents = YES;
				INFOPLIST_KEY_UILaunchScreen_Generation = YES;
				INFOPLIST_KEY_UISupportedInterfaceOrientations_iPad = "UIInterfaceOrientationPortrait UIInterfaceOrientationPortraitUpsideDown UIInterfaceOrientationLandscapeLeft UIInterfaceOrientationLandscapeRight";
				INFOPLIST_KEY_UISupportedInterfaceOrientations_iPhone = "UIInterfaceOrientationPortrait UIInterfaceOrientationLandscapeLeft UIInterfaceOrientationLandscapeRight";
				LD_RUNPATH_SEARCH_PATHS = (
					"$(inherited)",
					"@executable_path/Frameworks",
				);
				MARKETING_VERSION = 1.0;
				PRODUCT_BUNDLE_IDENTIFIER = Ubah.StudySchedule;
				PRODUCT_NAME = "$(TARGET_NAME)";
				SWIFT_EMIT_LOC_STRINGS = YES;
				SWIFT_VERSION = 5.0;
				TARGETED_DEVICE_FAMILY = "1,2";
			};
			name = Release;
		};
/* End XCBuildConfiguration section */

/* Begin XCConfigurationList section */
		B78E0B6A2A265305001938FA /* Build configuration list for PBXProject "StudySchedule" */ = {
			isa = XCConfigurationList;
			buildConfigurations = (
				B78E0B7B2A265306001938FA /* Debug */,
				B78E0B7C2A265306001938FA /* Release */,
			);
			defaultConfigurationIsVisible = 0;
			defaultConfigurationName = Release;
		};
		B78E0B7D2A265306001938FA /* Build configuration list for PBXNativeTarget "StudySchedule" */ = {
			isa = XCConfigurationList;
			buildConfigurations = (
				B78E0B7E2A265306001938FA /* Debug */,
				B78E0B7F2A265306001938FA /* Release */,
			);
			defaultConfigurationIsVisible = 0;
			defaultConfigurationName = Release;
		};
/* End XCConfigurationList section */

/* Begin XCVersionGroup section */
		B7E3D3E92A2B993C004581A0 /* Schedule.xcdatamodeld */ = {
			isa = XCVersionGroup;
			children = (
				B7E3D3EA2A2B993C004581A0 /* Schedule.xcdatamodel */,
			);
			currentVersion = B7E3D3EA2A2B993C004581A0 /* Schedule.xcdatamodel */;
			path = Schedule.xcdatamodeld;
			sourceTree = "<group>";
			versionGroupType = wrapper.xcdatamodel;
		};
/* End XCVersionGroup section */
	};
	rootObject = B78E0B672A265305001938FA /* Project object */;
}
